{
  "name": "portal-frontend",
  "lockfileVersion": 2,
  "requires": true,
  "packages": {
    "": {
      "dependencies": {
        "nav-frontend-core": "^6.0.1",
        "nav-frontend-knapper-style": "^2.0.1",
        "nav-frontend-tabell-style": "^2.0.1",
        "nav-frontend-typografi-style": "^2.0.1"
      }
    },
    "node_modules/nav-frontend-core": {
      "version": "6.0.1",
      "resolved": "https://registry.npmjs.org/nav-frontend-core/-/nav-frontend-core-6.0.1.tgz",
      "integrity": "sha512-zFAPRXgmS3Nhu5SyafsTnCFg2/PEbrUF+g1xGo+pKIxGfJgCeLi47gPSe7Kjeh3IwIo0ex3cA7tfbUIWOY65dQ=="
    },
    "node_modules/nav-frontend-knapper-style": {
      "version": "2.0.1",
      "resolved": "https://registry.npmjs.org/nav-frontend-knapper-style/-/nav-frontend-knapper-style-2.0.1.tgz",
      "integrity": "sha512-916fAOLIClJfnzNzP6uz3uzBL2Nt1MtWz6+EJsdbjasxS/QA0gRctDE7tPKSaMuM3GWBSffO1x4KpXRfJV2mbw==",
      "peerDependencies": {
        "nav-frontend-core": "^6.0.0",
        "nav-frontend-typografi-style": "^2.0.0"
      }
    },
    "node_modules/nav-frontend-tabell-style": {
      "version": "2.0.1",
      "resolved": "https://registry.npmjs.org/nav-frontend-tabell-style/-/nav-frontend-tabell-style-2.0.1.tgz",
      "integrity": "sha512-u65OBoMXMm6rh5JV6NwvdMD4+Kn15/FGorSb3HMrh+6B/LHK/3nl7aiZnIyy1o+R13IsuDSoMTD20qU9bgPauA==",
      "peerDependencies": {
        "nav-frontend-core": "^6.0.0",
        "nav-frontend-knapper-style": "^2.0.0",
        "nav-frontend-typografi-style": "^2.0.0"
      }
    },
    "node_modules/nav-frontend-typografi-style": {
      "version": "2.0.1",
      "resolved": "https://registry.npmjs.org/nav-frontend-typografi-style/-/nav-frontend-typografi-style-2.0.1.tgz",
      "integrity": "sha512-9vb94WbB4+w30ZNg3/AqgK/fsduU5eqlkY5kXTPGcRcvHpf9l8/nfQI3aD0xSETw8q8zVOwHT00XPc4jkPK9WA==",
      "dependencies": {
        "nav-frontend-core": "^6.0.1"
      }
    }
  },
  "dependencies": {
    "nav-frontend-core": {
      "version": "6.0.1",
      "resolved": "https://registry.npmjs.org/nav-frontend-core/-/nav-frontend-core-6.0.1.tgz",
      "integrity": "sha512-zFAPRXgmS3Nhu5SyafsTnCFg2/PEbrUF+g1xGo+pKIxGfJgCeLi47gPSe7Kjeh3IwIo0ex3cA7tfbUIWOY65dQ=="
    },
    "nav-frontend-knapper-style": {
      "version": "2.0.1",
      "resolved": "https://registry.npmjs.org/nav-frontend-knapper-style/-/nav-frontend-knapper-style-2.0.1.tgz",
      "integrity": "sha512-916fAOLIClJfnzNzP6uz3uzBL2Nt1MtWz6+EJsdbjasxS/QA0gRctDE7tPKSaMuM3GWBSffO1x4KpXRfJV2mbw==",
      "requires": {}
    },
    "nav-frontend-tabell-style": {
      "version": "2.0.1",
      "resolved": "https://registry.npmjs.org/nav-frontend-tabell-style/-/nav-frontend-tabell-style-2.0.1.tgz",
      "integrity": "sha512-u65OBoMXMm6rh5JV6NwvdMD4+Kn15/FGorSb3HMrh+6B/LHK/3nl7aiZnIyy1o+R13IsuDSoMTD20qU9bgPauA==",
      "requires": {}
    },
    "nav-frontend-typografi-style": {
      "version": "2.0.1",
      "resolved": "https://registry.npmjs.org/nav-frontend-typografi-style/-/nav-frontend-typografi-style-2.0.1.tgz",
      "integrity": "sha512-9vb94WbB4+w30ZNg3/AqgK/fsduU5eqlkY5kXTPGcRcvHpf9l8/nfQI3aD0xSETw8q8zVOwHT00XPc4jkPK9WA==",
      "requires": {
        "nav-frontend-core": "^6.0.1"
      }
    }
  }
}
